
Microsoft Visual Studio Solution File, Format Version 12.00
# Visual Studio Version 17
VisualStudioVersion = 17.7.34031.279
MinimumVisualStudioVersion = 10.0.40219.1
Project("{FAE04EC0-301F-11D3-BF4B-00C04F79EFBC}") = "TestCodeExample", "TestCodeExample\TestCodeExample.csproj", "{D35B8A8B-6971-4FC1-A476-E27AC82A3567}"
EndProject
Global
	GlobalSection(SolutionConfigurationPlatforms) = preSolution
		Debug|Any CPU = Debug|Any CPU
		Release|Any CPU = Release|Any CPU
	EndGlobalSection
	GlobalSection(ProjectConfigurationPlatforms) = postSolution
		{D35B8A8B-6971-4FC1-A476-E27AC82A3567}.Debug|Any CPU.ActiveCfg = Debug|Any CPU
		{D35B8A8B-6971-4FC1-A476-E27AC82A3567}.Debug|Any CPU.Build.0 = Debug|Any CPU
		{D35B8A8B-6971-4FC1-A476-E27AC82A3567}.Release|Any CPU.ActiveCfg = Release|Any CPU
		{D35B8A8B-6971-4FC1-A476-E27AC82A3567}.Release|Any CPU.Build.0 = Release|Any CPU
	EndGlobalSection
	GlobalSection(SolutionProperties) = preSolution
		HideSolutionNode = FALSE
	EndGlobalSection
	GlobalSection(ExtensibilityGlobals) = postSolution
		SolutionGuid = {BF014C76-582E-4413-A5DA-5FE5ED4B947A}
	EndGlobalSection
EndGlobal
