
Microsoft Visual Studio Solution File, Format Version 12.00
# Visual Studio Version 17
VisualStudioVersion = 17.7.34031.279
MinimumVisualStudioVersion = 10.0.40219.1
Project("{FAE04EC0-301F-11D3-BF4B-00C04F79EFBC}") = "SortingAlgoritms", "SortingAlgoritms\SortingAlgoritms.csproj", "{D02353C8-198F-4FA9-B62F-568D37FDEED9}"
EndProject
Global
	GlobalSection(SolutionConfigurationPlatforms) = preSolution
		Debug|Any CPU = Debug|Any CPU
		Release|Any CPU = Release|Any CPU
	EndGlobalSection
	GlobalSection(ProjectConfigurationPlatforms) = postSolution
		{D02353C8-198F-4FA9-B62F-568D37FDEED9}.Debug|Any CPU.ActiveCfg = Debug|Any CPU
		{D02353C8-198F-4FA9-B62F-568D37FDEED9}.Debug|Any CPU.Build.0 = Debug|Any CPU
		{D02353C8-198F-4FA9-B62F-568D37FDEED9}.Release|Any CPU.ActiveCfg = Release|Any CPU
		{D02353C8-198F-4FA9-B62F-568D37FDEED9}.Release|Any CPU.Build.0 = Release|Any CPU
	EndGlobalSection
	GlobalSection(SolutionProperties) = preSolution
		HideSolutionNode = FALSE
	EndGlobalSection
	GlobalSection(ExtensibilityGlobals) = postSolution
		SolutionGuid = {30A62C54-4FBE-4E50-AB83-DEB2439637E0}
	EndGlobalSection
EndGlobal
