
Microsoft Visual Studio Solution File, Format Version 12.00
# Visual Studio Version 17
VisualStudioVersion = 17.3.32819.101
MinimumVisualStudioVersion = 10.0.40219.1
Project("{FAE04EC0-301F-11D3-BF4B-00C04F79EFBC}") = "BinaryTree", "BinaryTree\BinaryTree.csproj", "{AC66AAD6-4FCE-45EB-9BB2-E421A4D4BD71}"
EndProject
Global
	GlobalSection(SolutionConfigurationPlatforms) = preSolution
		Debug|Any CPU = Debug|Any CPU
		Release|Any CPU = Release|Any CPU
	EndGlobalSection
	GlobalSection(ProjectConfigurationPlatforms) = postSolution
		{AC66AAD6-4FCE-45EB-9BB2-E421A4D4BD71}.Debug|Any CPU.ActiveCfg = Debug|Any CPU
		{AC66AAD6-4FCE-45EB-9BB2-E421A4D4BD71}.Debug|Any CPU.Build.0 = Debug|Any CPU
		{AC66AAD6-4FCE-45EB-9BB2-E421A4D4BD71}.Release|Any CPU.ActiveCfg = Release|Any CPU
		{AC66AAD6-4FCE-45EB-9BB2-E421A4D4BD71}.Release|Any CPU.Build.0 = Release|Any CPU
	EndGlobalSection
	GlobalSection(SolutionProperties) = preSolution
		HideSolutionNode = FALSE
	EndGlobalSection
	GlobalSection(ExtensibilityGlobals) = postSolution
		SolutionGuid = {6E61C952-B961-466D-9B75-6D905FFC3300}
	EndGlobalSection
EndGlobal
