
Microsoft Visual Studio Solution File, Format Version 12.00
# Visual Studio Version 17
VisualStudioVersion = 17.7.34031.279
MinimumVisualStudioVersion = 10.0.40219.1
Project("{FAE04EC0-301F-11D3-BF4B-00C04F79EFBC}") = "TestOfAlgoritms", "TestOfAlgoritms\TestOfAlgoritms.csproj", "{0A6C96DB-3980-4442-AD93-6D9E11C3D50F}"
EndProject
Project("{FAE04EC0-301F-11D3-BF4B-00C04F79EFBC}") = "TestCode", "TestCode\TestCode.csproj", "{FC9257F1-7891-403C-A8D5-C39E818D8E6C}"
EndProject
Global
	GlobalSection(SolutionConfigurationPlatforms) = preSolution
		Debug|Any CPU = Debug|Any CPU
		Release|Any CPU = Release|Any CPU
	EndGlobalSection
	GlobalSection(ProjectConfigurationPlatforms) = postSolution
		{0A6C96DB-3980-4442-AD93-6D9E11C3D50F}.Debug|Any CPU.ActiveCfg = Debug|Any CPU
		{0A6C96DB-3980-4442-AD93-6D9E11C3D50F}.Debug|Any CPU.Build.0 = Debug|Any CPU
		{0A6C96DB-3980-4442-AD93-6D9E11C3D50F}.Release|Any CPU.ActiveCfg = Release|Any CPU
		{0A6C96DB-3980-4442-AD93-6D9E11C3D50F}.Release|Any CPU.Build.0 = Release|Any CPU
		{FC9257F1-7891-403C-A8D5-C39E818D8E6C}.Debug|Any CPU.ActiveCfg = Debug|Any CPU
		{FC9257F1-7891-403C-A8D5-C39E818D8E6C}.Debug|Any CPU.Build.0 = Debug|Any CPU
		{FC9257F1-7891-403C-A8D5-C39E818D8E6C}.Release|Any CPU.ActiveCfg = Release|Any CPU
		{FC9257F1-7891-403C-A8D5-C39E818D8E6C}.Release|Any CPU.Build.0 = Release|Any CPU
	EndGlobalSection
	GlobalSection(SolutionProperties) = preSolution
		HideSolutionNode = FALSE
	EndGlobalSection
	GlobalSection(ExtensibilityGlobals) = postSolution
		SolutionGuid = {31B2A91C-2E88-49DB-9270-D89B6BEF8F2C}
	EndGlobalSection
EndGlobal
